{
  "name": "prompt-tuning",
  "lockfileVersion": 3,
  "requires": true,
  "packages": {
    "": {
      "dependencies": {
        "jsonrepair": "^3.8.1"
      }
    },
    "node_modules/jsonrepair": {
      "version": "3.8.1",
      "resolved": "https://na.artifactory.swg-devops.com/artifactory/api/npm/wce-elm-sysml-team-npm-virtual/jsonrepair/-/jsonrepair-3.8.1.tgz?dl=https%3A%2F%2Fregistry.npmjs.org%2Fjsonrepair%2F-%2Fjsonrepair-3.8.1.tgz",
      "integrity": "sha512-5wnjaO53EJOhfLFY92nvBz2B9gqF9ql/D4HKUb1WOSBaqtVcAifFfmurblnhCJn/ySqKFA8U3n7nhGMAu/hEjQ==",
      "license": "ISC",
      "bin": {
        "jsonrepair": "bin/cli.js"
      }
    }
  }
}
